<?xml version="1.0" encoding="utf-8"?>
<Project ToolsVersion="4.0" xmlns="http://schemas.microsoft.com/developer/msbuild/2003">
  <ItemGroup>
    <Filter Include="Source Files">
      <UniqueIdentifier>{4FC737F1-C7A5-4376-A066-2A32D752A2FF}</UniqueIdentifier>
      <Extensions>cpp;c;cc;cxx;def;odl;idl;hpj;bat;asm;asmx</Extensions>
    </Filter>
    <Filter Include="Header Files">
      <UniqueIdentifier>{93995380-89BD-4b04-88EB-625FBE52EBFB}</UniqueIdentifier>
      <Extensions>h;hh;hpp;hxx;hm;inl;inc;xsd</Extensions>
    </Filter>
    <Filter Include="Resource Files">
      <UniqueIdentifier>{67DA6AB6-F800-4c08-8B7A-83BB121AAD01}</UniqueIdentifier>
      <Extensions>rc;ico;cur;bmp;dlg;rc2;rct;bin;rgs;gif;jpg;jpeg;jpe;resx;tiff;tif;png;wav;mfcribbon-ms</Extensions>
    </Filter>
    <Filter Include="src">
      <UniqueIdentifier>{3dbb2234-6492-4558-9ff5-2d02e651541c}</UniqueIdentifier>
    </Filter>
    <Filter Include="src\GameObject">
      <UniqueIdentifier>{edffc52c-e44c-48af-bf1a-1a6216c50a9c}</UniqueIdentifier>
    </Filter>
    <Filter Include="src\GameObject\FSM">
      <UniqueIdentifier>{146f56a8-3fd1-42b4-aeee-128487325ac9}</UniqueIdentifier>
    </Filter>
    <Filter Include="src\GameLogic">
      <UniqueIdentifier>{de23aae8-ef7d-4f83-b4c4-8e07200bdac5}</UniqueIdentifier>
    </Filter>
    <Filter Include="src\Level">
      <UniqueIdentifier>{1aac611f-8aea-4dfd-9c6c-703eac1f2c6c}</UniqueIdentifier>
    </Filter>
    <Filter Include="src\Screens">
      <UniqueIdentifier>{e5af8743-ac92-446e-99ca-492f47aea587}</UniqueIdentifier>
    </Filter>
    <Filter Include="src\GameObject\Items">
      <UniqueIdentifier>{72788e79-0ded-4907-a6e3-7bf553e1768d}</UniqueIdentifier>
    </Filter>
    <Filter Include="src\GameObject\Interfaces">
      <UniqueIdentifier>{98df0f3e-2edc-424a-8228-9886f5269663}</UniqueIdentifier>
    </Filter>
    <Filter Include="Maps">
      <UniqueIdentifier>{60b96094-dc0e-4c06-b668-61512e171c49}</UniqueIdentifier>
    </Filter>
  </ItemGroup>
  <ItemGroup>
    <Text Include="ReadMe.txt" />
    <Text Include="TestMap2.txt">
      <Filter>Maps</Filter>
    </Text>
    <Text Include="TestMap.txt">
      <Filter>Maps</Filter>
    </Text>
  </ItemGroup>
  <ItemGroup>
    <ClInclude Include="stdafx.h">
      <Filter>Header Files</Filter>
    </ClInclude>
    <ClInclude Include="targetver.h">
      <Filter>Header Files</Filter>
    </ClInclude>
    <ClInclude Include="GameObject.h">
      <Filter>src\GameObject</Filter>
    </ClInclude>
    <ClInclude Include="Global.h">
      <Filter>src\GameObject</Filter>
    </ClInclude>
    <ClInclude Include="FSM.h">
      <Filter>src\GameObject\FSM</Filter>
    </ClInclude>
    <ClInclude Include="State.h">
      <Filter>src\GameObject\FSM</Filter>
    </ClInclude>
    <ClInclude Include="StateUp.h">
      <Filter>src\GameObject\FSM</Filter>
    </ClInclude>
    <ClInclude Include="StateCrouching.h">
      <Filter>src\GameObject\FSM</Filter>
    </ClInclude>
    <ClInclude Include="StateDead.h">
      <Filter>src\GameObject\FSM</Filter>
    </ClInclude>
    <ClInclude Include="GameLogic.h">
      <Filter>src\GameLogic</Filter>
    </ClInclude>
    <ClInclude Include="GameLogicObjectInterface.h">
      <Filter>src\GameLogic</Filter>
    </ClInclude>
    <ClInclude Include="Player.h">
      <Filter>src\GameObject</Filter>
    </ClInclude>
    <ClInclude Include="ConsoleLogger.h">
      <Filter>src\Level</Filter>
    </ClInclude>
    <ClInclude Include="Enemy.h">
      <Filter>src\GameObject</Filter>
    </ClInclude>
    <ClInclude Include="Container.h">
      <Filter>src\GameObject</Filter>
    </ClInclude>
    <ClInclude Include="Utility.h">
      <Filter>src</Filter>
    </ClInclude>
    <ClInclude Include="Door.h">
      <Filter>src\GameObject</Filter>
    </ClInclude>
    <ClInclude Include="GameObjectStats.h">
      <Filter>src\GameObject</Filter>
    </ClInclude>
    <ClInclude Include="GameObjectFactory.h">
      <Filter>src\GameObject</Filter>
    </ClInclude>
    <ClInclude Include="Sword.h">
      <Filter>src\GameObject\Items</Filter>
    </ClInclude>
    <ClInclude Include="Armor.h">
      <Filter>src\GameObject\Items</Filter>
    </ClInclude>
    <ClInclude Include="ObjectModifier.h">
      <Filter>src\GameObject\Items</Filter>
    </ClInclude>
    <ClInclude Include="ObjectModifierInterface.h">
      <Filter>src\GameObject\Interfaces</Filter>
    </ClInclude>
    <ClInclude Include="ObjectCommandInterface.h">
      <Filter>src\GameObject\Interfaces</Filter>
    </ClInclude>
    <ClInclude Include="ObjectEventInterface.h">
      <Filter>src\GameObject\Interfaces</Filter>
    </ClInclude>
    <ClInclude Include="Obstacle.h">
      <Filter>src\GameObject</Filter>
    </ClInclude>
    <ClInclude Include="EquipSlot.h">
      <Filter>src\GameObject</Filter>
    </ClInclude>
    <ClInclude Include="Input.h">
      <Filter>src\Screens</Filter>
    </ClInclude>
    <ClInclude Include="InputCommand.h">
      <Filter>src\Screens</Filter>
    </ClInclude>
    <ClInclude Include="MyInputExample.h">
      <Filter>Header Files</Filter>
    </ClInclude>
    <ClInclude Include="MyGameLogicExample.h">
      <Filter>Header Files</Filter>
    </ClInclude>
    <ClInclude Include="Display.h">
      <Filter>Header Files</Filter>
    </ClInclude>
    <ClInclude Include="MapArea.h">
      <Filter>src\Level</Filter>
    </ClInclude>
    <ClInclude Include="MapAreaInterface.h">
      <Filter>src\GameObject\Interfaces</Filter>
    </ClInclude>
    <ClInclude Include="MyDisplayExample.h">
      <Filter>Header Files</Filter>
    </ClInclude>
    <ClInclude Include="MapManager.h">
      <Filter>Header Files</Filter>
    </ClInclude>
    <ClInclude Include="FileSystem.h">
      <Filter>Header Files</Filter>
    </ClInclude>
    <ClInclude Include="MyObjectDisplayData.h">
      <Filter>Header Files</Filter>
    </ClInclude>
    <ClInclude Include="MyFileSystem.h">
      <Filter>Header Files</Filter>
    </ClInclude>
    <ClInclude Include="MapLoader.h">
      <Filter>Header Files</Filter>
    </ClInclude>
    <ClInclude Include="MyMapLoader.h">
      <Filter>Header Files</Filter>
    </ClInclude>
    <ClInclude Include="InventoryManager.h">
      <Filter>Header Files</Filter>
    </ClInclude>
    <ClInclude Include="Tile.h">
      <Filter>Header Files</Filter>
    </ClInclude>
    <ClInclude Include="MyTile.h">
      <Filter>Header Files</Filter>
    </ClInclude>
    <ClInclude Include="TileFactory.h">
      <Filter>Header Files</Filter>
    </ClInclude>
    <ClInclude Include="GenericFactory.h">
      <Filter>Header Files</Filter>
    </ClInclude>
  </ItemGroup>
  <ItemGroup>
    <ClCompile Include="stdafx.cpp">
      <Filter>Source Files</Filter>
    </ClCompile>
    <ClCompile Include="GameObject.cpp">
      <Filter>src\GameObject</Filter>
    </ClCompile>
    <ClCompile Include="FSM.cpp">
      <Filter>src\GameObject\FSM</Filter>
    </ClCompile>
    <ClCompile Include="State.cpp">
      <Filter>src\GameObject\FSM</Filter>
    </ClCompile>
    <ClCompile Include="StateUp.cpp">
      <Filter>src\GameObject\FSM</Filter>
    </ClCompile>
    <ClCompile Include="StateCrouching.cpp">
      <Filter>src\GameObject\FSM</Filter>
    </ClCompile>
    <ClCompile Include="StateDead.cpp">
      <Filter>src\GameObject\FSM</Filter>
    </ClCompile>
    <ClCompile Include="GameLogic.cpp">
      <Filter>src\GameLogic</Filter>
    </ClCompile>
    <ClCompile Include="DesignPatternDemo.cpp">
      <Filter>src</Filter>
    </ClCompile>
    <ClCompile Include="ConsoleLogger.cpp">
      <Filter>src\Level</Filter>
    </ClCompile>
    <ClCompile Include="Enemy.cpp">
      <Filter>src\GameObject</Filter>
    </ClCompile>
    <ClCompile Include="Container.cpp">
      <Filter>src\GameObject</Filter>
    </ClCompile>
    <ClCompile Include="Door.cpp">
      <Filter>src\GameObject</Filter>
    </ClCompile>
    <ClCompile Include="GameObjectFactory.cpp">
      <Filter>src\GameObject</Filter>
    </ClCompile>
    <ClCompile Include="Sword.cpp">
      <Filter>src\GameObject\Items</Filter>
    </ClCompile>
    <ClCompile Include="Armor.cpp">
      <Filter>src\GameObject\Items</Filter>
    </ClCompile>
    <ClCompile Include="ObjectModifier.cpp">
      <Filter>src\GameObject\Items</Filter>
    </ClCompile>
    <ClCompile Include="Obstacle.cpp">
      <Filter>src\GameObject</Filter>
    </ClCompile>
    <ClCompile Include="EquipSlot.cpp">
      <Filter>src\GameObject</Filter>
    </ClCompile>
    <ClCompile Include="Player.cpp">
      <Filter>src\GameObject</Filter>
    </ClCompile>
    <ClCompile Include="Input.cpp">
      <Filter>src\Screens</Filter>
    </ClCompile>
    <ClCompile Include="InputCommand.cpp">
      <Filter>src\Screens</Filter>
    </ClCompile>
    <ClCompile Include="MyInputExample.cpp">
      <Filter>Source Files</Filter>
    </ClCompile>
    <ClCompile Include="MyGameLogicExample.cpp">
      <Filter>Source Files</Filter>
    </ClCompile>
    <ClCompile Include="Display.cpp">
      <Filter>Source Files</Filter>
    </ClCompile>
    <ClCompile Include="MapArea.cpp">
      <Filter>src\Level</Filter>
    </ClCompile>
    <ClCompile Include="MyDisplayExample.cpp">
      <Filter>Source Files</Filter>
    </ClCompile>
    <ClCompile Include="MapManager.cpp">
      <Filter>Source Files</Filter>
    </ClCompile>
    <ClCompile Include="FileSystem.cpp">
      <Filter>Source Files</Filter>
    </ClCompile>
    <ClCompile Include="MyFileSystem.cpp">
      <Filter>Source Files</Filter>
    </ClCompile>
    <ClCompile Include="MapLoader.cpp">
      <Filter>Source Files</Filter>
    </ClCompile>
    <ClCompile Include="MyMapLoader.cpp">
      <Filter>Source Files</Filter>
    </ClCompile>
    <ClCompile Include="InventoryManager.cpp">
      <Filter>Source Files</Filter>
    </ClCompile>
    <ClCompile Include="Tile.cpp">
      <Filter>Source Files</Filter>
    </ClCompile>
    <ClCompile Include="MyTile.cpp">
      <Filter>Source Files</Filter>
    </ClCompile>
  </ItemGroup>
</Project>